{
  "originHash" : "fb7a72ac1664fff8cbdb406661f97217a01f64a6ae7341d91ed5b11def041c6c",
  "pins" : [
    {
      "identity" : "godotvision",
      "kind" : "remoteSourceControl",
      "location" : "https://github.com/kevinw/GodotVision.git",
      "state" : {
        "branch" : "main",
        "revision" : "c64db9822c318ddc5c0754424fd957e2900fdb25"
      }
    },
    {
      "identity" : "swift-syntax",
      "kind" : "remoteSourceControl",
      "location" : "https://github.com/swiftlang/swift-syntax",
      "state" : {
        "revision" : "2bc86522d115234d1f588efe2bcb4ce4be8f8b82",
        "version" : "510.0.3"
      }
    },
    {
      "identity" : "swiftgodot",
      "kind" : "remoteSourceControl",
      "location" : "https://github.com/multijam/SwiftGodot",
      "state" : {
        "revision" : "a9753686164b63b8228d3b98389d4326d942be80"
      }
    },
    {
      "identity" : "swiftgodotkit",
      "kind" : "remoteSourceControl",
      "location" : "https://github.com/multijam/SwiftGodotKit",
      "state" : {
        "revision" : "526ae902f84c1604d30680d8198c09fdfa566848"
      }
    }
  ],
  "version" : 3
}
