{
  "originHash" : "fb7a72ac1664fff8cbdb406661f97217a01f64a6ae7341d91ed5b11def041c6c",
  "pins" : [
    {
      "identity" : "godotvision",
      "kind" : "remoteSourceControl",
      "location" : "https://github.com/kevinw/GodotVision.git",
      "state" : {
        "revision" : "bb6c4fea863a90deb8d372b2615365453de18239"
      }
    },
    {
      "identity" : "swift-syntax",
      "kind" : "remoteSourceControl",
      "location" : "https://github.com/apple/swift-syntax.git",
      "state" : {
        "revision" : "64889f0c732f210a935a0ad7cda38f77f876262d",
        "version" : "509.1.1"
      }
    },
    {
      "identity" : "swiftgodot",
      "kind" : "remoteSourceControl",
      "location" : "https://github.com/multijam/SwiftGodot",
      "state" : {
        "revision" : "3cf5baa7d9800927d3829065b9ca7a2409a64b8b"
      }
    },
    {
      "identity" : "swiftgodotkit",
      "kind" : "remoteSourceControl",
      "location" : "https://github.com/multijam/SwiftGodotKit",
      "state" : {
        "revision" : "bc653e83b1bde52a03ba90a2ed5e2a3ddb7ba3f5"
      }
    }
  ],
  "version" : 3
}
