{
  "originHash" : "fb7a72ac1664fff8cbdb406661f97217a01f64a6ae7341d91ed5b11def041c6c",
  "pins" : [
    {
      "identity" : "godotvision",
      "kind" : "remoteSourceControl",
      "location" : "https://github.com/kevinw/GodotVision.git",
      "state" : {
        "revision" : "e23f3f637bc55c846499452064502b042202ea57"
      }
    },
    {
      "identity" : "swift-syntax",
      "kind" : "remoteSourceControl",
      "location" : "https://github.com/apple/swift-syntax.git",
      "state" : {
        "revision" : "fa8f95c2d536d6620cc2f504ebe8a6167c9fc2dd",
        "version" : "510.0.1"
      }
    },
    {
      "identity" : "swiftgodot",
      "kind" : "remoteSourceControl",
      "location" : "https://github.com/multijam/SwiftGodot",
      "state" : {
        "revision" : "75bd743c9a6c263f75604dfb71bff718b8ea28ab"
      }
    },
    {
      "identity" : "swiftgodotkit",
      "kind" : "remoteSourceControl",
      "location" : "https://github.com/multijam/SwiftGodotKit",
      "state" : {
        "revision" : "275c991756f6aedb203bb7363274868785e634b8"
      }
    }
  ],
  "version" : 3
}
